
Microsoft Visual Studio Solution File, Format Version 12.00
# Visual Studio Version 16
VisualStudioVersion = 16.0.32802.440
MinimumVisualStudioVersion = 10.0.40219.1
Project("{FAE04EC0-301F-11D3-BF4B-00C04F79EFBC}") = "WebApplication", "WebApplication\WebApplication.csproj", "{D8A9815D-1DD4-43C6-9549-0D2BC1AC5D08}"
EndProject
Global
	GlobalSection(SolutionConfigurationPlatforms) = preSolution
		Debug|Any CPU = Debug|Any CPU
		Release|Any CPU = Release|Any CPU
	EndGlobalSection
	GlobalSection(ProjectConfigurationPlatforms) = postSolution
		{D8A9815D-1DD4-43C6-9549-0D2BC1AC5D08}.Debug|Any CPU.ActiveCfg = Debug|Any CPU
		{D8A9815D-1DD4-43C6-9549-0D2BC1AC5D08}.Debug|Any CPU.Build.0 = Debug|Any CPU
		{D8A9815D-1DD4-43C6-9549-0D2BC1AC5D08}.Release|Any CPU.ActiveCfg = Release|Any CPU
		{D8A9815D-1DD4-43C6-9549-0D2BC1AC5D08}.Release|Any CPU.Build.0 = Release|Any CPU
	EndGlobalSection
	GlobalSection(SolutionProperties) = preSolution
		HideSolutionNode = FALSE
	EndGlobalSection
	GlobalSection(ExtensibilityGlobals) = postSolution
		SolutionGuid = {C474C2AE-16CB-4E6F-8540-90EA43E1579C}
	EndGlobalSection
EndGlobal
